
Microsoft Visual Studio Solution File, Format Version 12.00
# Visual Studio Version 16
VisualStudioVersion = 16.0.31424.327
MinimumVisualStudioVersion = 10.0.40219.1
Project("{2150E333-8FDC-42A3-9474-1A3956D46DE8}") = "Solution Items", "Solution Items", "{A346B5ED-12A8-4540-BBFD-5978AE196620}"
	ProjectSection(SolutionItems) = preProject
		.editorconfig = .editorconfig
		appveyor.yml = appveyor.yml
	EndProjectSection
EndProject
Project("{D954291E-2A0B-460D-934E-DC6B0785DB48}") = "Serialization", "Serialization\Serialization.shproj", "{E3B0367B-3649-4B77-878A-85A8A11C4C09}"
EndProject
Project("{2150E333-8FDC-42A3-9474-1A3956D46DE8}") = "Legacy", "Legacy", "{5F2046EA-A159-4673-B7B9-F1F3179C5D6C}"
EndProject
Project("{2150E333-8FDC-42A3-9474-1A3956D46DE8}") = "Standard", "Standard", "{C0ADF39C-DD3F-4EBD-AC9C-7D1E5D5CD0A8}"
EndProject
Project("{D954291E-2A0B-460D-934E-DC6B0785DB48}") = "Debuggee", "Debuggee\Debuggee.shproj", "{127B215F-F3F8-44DF-A2D1-9AAF95B3F8F3}"
EndProject
Project("{9A19103F-16F7-4668-BE54-9A1E7A4F7556}") = "Legacy.Debuggee", "Legacy\Debuggee\Legacy.Debuggee.csproj", "{305BA350-A048-4BBE-8B0B-F41BD4A5E2E5}"
EndProject
Project("{9A19103F-16F7-4668-BE54-9A1E7A4F7556}") = "Standard.Debuggee", "Standard\Debuggee\Standard.Debuggee.csproj", "{AE5A655C-C17C-4FBB-BE45-13E49A5C7BC8}"
EndProject
Project("{D954291E-2A0B-460D-934E-DC6B0785DB48}") = "UI", "UI\UI.shproj", "{E2B06997-76F1-48DE-ABE6-CF90427423BB}"
EndProject
Project("{9A19103F-16F7-4668-BE54-9A1E7A4F7556}") = "Legacy.Debugger", "Legacy\Debugger\Legacy.Debugger.csproj", "{1E333B8D-7EE1-479B-AAE0-20A6744A03C4}"
EndProject
Project("{9A19103F-16F7-4668-BE54-9A1E7A4F7556}") = "Standard.Debugger", "Standard\Debugger\Standard.Debugger.csproj", "{74F8A769-77D2-4889-BB81-2FF397C220B9}"
EndProject
Project("{D954291E-2A0B-460D-934E-DC6B0785DB48}") = "Visualizer", "Visualizer\Visualizer.shproj", "{3C553FFD-FA4E-4EAB-AD03-9534C7CB8F3E}"
EndProject
Project("{9A19103F-16F7-4668-BE54-9A1E7A4F7556}") = "_visualizerTest", "_visualizerTest\_visualizerTest.csproj", "{34D2CC07-B4FA-4CAE-8A90-2B3081B5B9A3}"
EndProject
Project("{9A19103F-16F7-4668-BE54-9A1E7A4F7556}") = "PostBuild", "PostBuild\PostBuild.csproj", "{B403610B-1A25-4BB8-8C63-BB6BDC9A6893}"
EndProject
Project("{9A19103F-16F7-4668-BE54-9A1E7A4F7556}") = "Legacy.Package", "Legacy\Package\Legacy.Package.csproj", "{F09CFEBD-151C-487C-BC87-1EA68B5A4043}"
EndProject
Project("{9A19103F-16F7-4668-BE54-9A1E7A4F7556}") = "Standard.Package", "Standard\Package\Standard.Package.csproj", "{D7950FB3-F80E-4249-99D1-F08E3A64CA0E}"
EndProject
Global
	GlobalSection(SharedMSBuildProjectFiles) = preSolution
		Debuggee\Debuggee.projitems*{127b215f-f3f8-44df-a2d1-9aaf95b3f8f3}*SharedItemsImports = 13
		Visualizer\Visualizer.projitems*{3c553ffd-fa4e-4eab-ad03-9534c7cb8f3e}*SharedItemsImports = 13
		Debuggee\Debuggee.projitems*{ae5a655c-c17c-4fbb-be45-13e49a5c7bc8}*SharedItemsImports = 5
		Serialization\Serialization.projitems*{ae5a655c-c17c-4fbb-be45-13e49a5c7bc8}*SharedItemsImports = 5
		UI\UI.projitems*{e2b06997-76f1-48de-abe6-cf90427423bb}*SharedItemsImports = 13
		Serialization\Serialization.projitems*{e3b0367b-3649-4b77-878a-85a8a11c4c09}*SharedItemsImports = 13
	EndGlobalSection
	GlobalSection(SolutionConfigurationPlatforms) = preSolution
		Debug|Any CPU = Debug|Any CPU
		Release|Any CPU = Release|Any CPU
	EndGlobalSection
	GlobalSection(ProjectConfigurationPlatforms) = postSolution
		{305BA350-A048-4BBE-8B0B-F41BD4A5E2E5}.Debug|Any CPU.ActiveCfg = Debug|Any CPU
		{305BA350-A048-4BBE-8B0B-F41BD4A5E2E5}.Debug|Any CPU.Build.0 = Debug|Any CPU
		{305BA350-A048-4BBE-8B0B-F41BD4A5E2E5}.Release|Any CPU.ActiveCfg = Release|Any CPU
		{305BA350-A048-4BBE-8B0B-F41BD4A5E2E5}.Release|Any CPU.Build.0 = Release|Any CPU
		{AE5A655C-C17C-4FBB-BE45-13E49A5C7BC8}.Debug|Any CPU.ActiveCfg = Debug|Any CPU
		{AE5A655C-C17C-4FBB-BE45-13E49A5C7BC8}.Debug|Any CPU.Build.0 = Debug|Any CPU
		{AE5A655C-C17C-4FBB-BE45-13E49A5C7BC8}.Release|Any CPU.ActiveCfg = Release|Any CPU
		{AE5A655C-C17C-4FBB-BE45-13E49A5C7BC8}.Release|Any CPU.Build.0 = Release|Any CPU
		{1E333B8D-7EE1-479B-AAE0-20A6744A03C4}.Debug|Any CPU.ActiveCfg = Debug|Any CPU
		{1E333B8D-7EE1-479B-AAE0-20A6744A03C4}.Debug|Any CPU.Build.0 = Debug|Any CPU
		{1E333B8D-7EE1-479B-AAE0-20A6744A03C4}.Release|Any CPU.ActiveCfg = Release|Any CPU
		{1E333B8D-7EE1-479B-AAE0-20A6744A03C4}.Release|Any CPU.Build.0 = Release|Any CPU
		{74F8A769-77D2-4889-BB81-2FF397C220B9}.Debug|Any CPU.ActiveCfg = Debug|Any CPU
		{74F8A769-77D2-4889-BB81-2FF397C220B9}.Debug|Any CPU.Build.0 = Debug|Any CPU
		{74F8A769-77D2-4889-BB81-2FF397C220B9}.Release|Any CPU.ActiveCfg = Release|Any CPU
		{74F8A769-77D2-4889-BB81-2FF397C220B9}.Release|Any CPU.Build.0 = Release|Any CPU
		{34D2CC07-B4FA-4CAE-8A90-2B3081B5B9A3}.Debug|Any CPU.ActiveCfg = Debug|Any CPU
		{34D2CC07-B4FA-4CAE-8A90-2B3081B5B9A3}.Debug|Any CPU.Build.0 = Debug|Any CPU
		{34D2CC07-B4FA-4CAE-8A90-2B3081B5B9A3}.Release|Any CPU.ActiveCfg = Release|Any CPU
		{34D2CC07-B4FA-4CAE-8A90-2B3081B5B9A3}.Release|Any CPU.Build.0 = Release|Any CPU
		{B403610B-1A25-4BB8-8C63-BB6BDC9A6893}.Debug|Any CPU.ActiveCfg = Debug|Any CPU
		{B403610B-1A25-4BB8-8C63-BB6BDC9A6893}.Debug|Any CPU.Build.0 = Debug|Any CPU
		{B403610B-1A25-4BB8-8C63-BB6BDC9A6893}.Release|Any CPU.ActiveCfg = Release|Any CPU
		{B403610B-1A25-4BB8-8C63-BB6BDC9A6893}.Release|Any CPU.Build.0 = Release|Any CPU
		{F09CFEBD-151C-487C-BC87-1EA68B5A4043}.Debug|Any CPU.ActiveCfg = Debug|Any CPU
		{F09CFEBD-151C-487C-BC87-1EA68B5A4043}.Debug|Any CPU.Build.0 = Debug|Any CPU
		{F09CFEBD-151C-487C-BC87-1EA68B5A4043}.Release|Any CPU.ActiveCfg = Release|Any CPU
		{F09CFEBD-151C-487C-BC87-1EA68B5A4043}.Release|Any CPU.Build.0 = Release|Any CPU
		{D7950FB3-F80E-4249-99D1-F08E3A64CA0E}.Debug|Any CPU.ActiveCfg = Debug|Any CPU
		{D7950FB3-F80E-4249-99D1-F08E3A64CA0E}.Debug|Any CPU.Build.0 = Debug|Any CPU
		{D7950FB3-F80E-4249-99D1-F08E3A64CA0E}.Release|Any CPU.ActiveCfg = Release|Any CPU
		{D7950FB3-F80E-4249-99D1-F08E3A64CA0E}.Release|Any CPU.Build.0 = Release|Any CPU
	EndGlobalSection
	GlobalSection(SolutionProperties) = preSolution
		HideSolutionNode = FALSE
	EndGlobalSection
	GlobalSection(NestedProjects) = preSolution
		{305BA350-A048-4BBE-8B0B-F41BD4A5E2E5} = {5F2046EA-A159-4673-B7B9-F1F3179C5D6C}
		{AE5A655C-C17C-4FBB-BE45-13E49A5C7BC8} = {C0ADF39C-DD3F-4EBD-AC9C-7D1E5D5CD0A8}
		{1E333B8D-7EE1-479B-AAE0-20A6744A03C4} = {5F2046EA-A159-4673-B7B9-F1F3179C5D6C}
		{74F8A769-77D2-4889-BB81-2FF397C220B9} = {C0ADF39C-DD3F-4EBD-AC9C-7D1E5D5CD0A8}
		{F09CFEBD-151C-487C-BC87-1EA68B5A4043} = {5F2046EA-A159-4673-B7B9-F1F3179C5D6C}
		{D7950FB3-F80E-4249-99D1-F08E3A64CA0E} = {C0ADF39C-DD3F-4EBD-AC9C-7D1E5D5CD0A8}
	EndGlobalSection
	GlobalSection(ExtensibilityGlobals) = postSolution
		SolutionGuid = {A2A19EFC-E356-4E97-8752-D94ABBE584B0}
	EndGlobalSection
EndGlobal
