
Microsoft Visual Studio Solution File, Format Version 12.00
# Visual Studio Version 16
VisualStudioVersion = 16.0.29306.81
MinimumVisualStudioVersion = 10.0.40219.1
Project("{9A19103F-16F7-4668-BE54-9A1E7A4F7556}") = "2019", "2019\2019.csproj", "{AFDED9CF-6E6D-461B-B996-3E2F364DD3AD}"
EndProject
Project("{D954291E-2A0B-460D-934E-DC6B0785DB48}") = "Shared", "Shared\Shared.shproj", "{5F6D90BE-661E-4EED-BA7D-7ADCE968C72F}"
EndProject
Project("{9A19103F-16F7-4668-BE54-9A1E7A4F7556}") = "_visualizerTest", "_visualizerTest\_visualizerTest.csproj", "{34D2CC07-B4FA-4CAE-8A90-2B3081B5B9A3}"
EndProject
Project("{9A19103F-16F7-4668-BE54-9A1E7A4F7556}") = "2017", "2017\2017.csproj", "{BEB4FBE6-54E8-4212-9D94-C4E8F318FD9F}"
EndProject
Project("{9A19103F-16F7-4668-BE54-9A1E7A4F7556}") = "_visualizerTest1", "_visualizerTest1\_visualizerTest1.csproj", "{CADA5CBA-1FE0-48A2-BF4F-7158C1CFF44F}"
EndProject
Project("{9A19103F-16F7-4668-BE54-9A1E7A4F7556}") = "_visualizerTestCore", "_visualizerTestCore\_visualizerTestCore.csproj", "{2D92774C-E2F4-47C4-9A04-09198B1182F8}"
EndProject
Project("{9A19103F-16F7-4668-BE54-9A1E7A4F7556}") = "_visualizerTestCore1", "_visualizerTestCore1\_visualizerTestCore1.csproj", "{7EF79EC6-FBBC-4CD2-8A14-8B7FF052561E}"
EndProject
Project("{9A19103F-16F7-4668-BE54-9A1E7A4F7556}") = "2019.Standard", "2019.Standard\2019.Standard.csproj", "{B24951ED-6A47-4F73-84ED-0A152039F884}"
EndProject
Project("{9A19103F-16F7-4668-BE54-9A1E7A4F7556}") = "2017.Standard", "2017.Standard\2017.Standard.csproj", "{66A64056-77CE-441D-9BE8-20A9437DEEE3}"
EndProject
Global
	GlobalSection(SharedMSBuildProjectFiles) = preSolution
		Shared\Shared.projitems*{5f6d90be-661e-4eed-ba7d-7adce968c72f}*SharedItemsImports = 13
		Shared\Shared.projitems*{afded9cf-6e6d-461b-b996-3e2f364dd3ad}*SharedItemsImports = 4
		Shared\Shared.projitems*{beb4fbe6-54e8-4212-9d94-c4e8f318fd9f}*SharedItemsImports = 4
	EndGlobalSection
	GlobalSection(SolutionConfigurationPlatforms) = preSolution
		Debug|Any CPU = Debug|Any CPU
	EndGlobalSection
	GlobalSection(ProjectConfigurationPlatforms) = postSolution
		{AFDED9CF-6E6D-461B-B996-3E2F364DD3AD}.Debug|Any CPU.ActiveCfg = Debug|Any CPU
		{AFDED9CF-6E6D-461B-B996-3E2F364DD3AD}.Debug|Any CPU.Build.0 = Debug|Any CPU
		{34D2CC07-B4FA-4CAE-8A90-2B3081B5B9A3}.Debug|Any CPU.ActiveCfg = Debug|Any CPU
		{34D2CC07-B4FA-4CAE-8A90-2B3081B5B9A3}.Debug|Any CPU.Build.0 = Debug|Any CPU
		{BEB4FBE6-54E8-4212-9D94-C4E8F318FD9F}.Debug|Any CPU.ActiveCfg = Debug|Any CPU
		{BEB4FBE6-54E8-4212-9D94-C4E8F318FD9F}.Debug|Any CPU.Build.0 = Debug|Any CPU
		{CADA5CBA-1FE0-48A2-BF4F-7158C1CFF44F}.Debug|Any CPU.ActiveCfg = Debug|Any CPU
		{CADA5CBA-1FE0-48A2-BF4F-7158C1CFF44F}.Debug|Any CPU.Build.0 = Debug|Any CPU
		{2D92774C-E2F4-47C4-9A04-09198B1182F8}.Debug|Any CPU.ActiveCfg = Debug|Any CPU
		{2D92774C-E2F4-47C4-9A04-09198B1182F8}.Debug|Any CPU.Build.0 = Debug|Any CPU
		{7EF79EC6-FBBC-4CD2-8A14-8B7FF052561E}.Debug|Any CPU.ActiveCfg = Debug|Any CPU
		{7EF79EC6-FBBC-4CD2-8A14-8B7FF052561E}.Debug|Any CPU.Build.0 = Debug|Any CPU
		{B24951ED-6A47-4F73-84ED-0A152039F884}.Debug|Any CPU.ActiveCfg = Debug|Any CPU
		{B24951ED-6A47-4F73-84ED-0A152039F884}.Debug|Any CPU.Build.0 = Debug|Any CPU
		{66A64056-77CE-441D-9BE8-20A9437DEEE3}.Debug|Any CPU.ActiveCfg = Debug|Any CPU
		{66A64056-77CE-441D-9BE8-20A9437DEEE3}.Debug|Any CPU.Build.0 = Debug|Any CPU
	EndGlobalSection
	GlobalSection(SolutionProperties) = preSolution
		HideSolutionNode = FALSE
	EndGlobalSection
	GlobalSection(ExtensibilityGlobals) = postSolution
		SolutionGuid = {78B07657-2EBC-459A-AF84-B984AC45C5C9}
	EndGlobalSection
EndGlobal
