
Microsoft Visual Studio Solution File, Format Version 12.00
# Visual Studio Version 16
VisualStudioVersion = 16.0.31424.327
MinimumVisualStudioVersion = 10.0.40219.1
Project("{2150E333-8FDC-42A3-9474-1A3956D46DE8}") = "Solution Items", "Solution Items", "{A346B5ED-12A8-4540-BBFD-5978AE196620}"
	ProjectSection(SolutionItems) = preProject
		.editorconfig = .editorconfig
	EndProjectSection
EndProject
Project("{D954291E-2A0B-460D-934E-DC6B0785DB48}") = "Serialization", "Serialization\Serialization.shproj", "{E3B0367B-3649-4B77-878A-85A8A11C4C09}"
EndProject
Project("{2150E333-8FDC-42A3-9474-1A3956D46DE8}") = "Legacy", "Legacy", "{5F2046EA-A159-4673-B7B9-F1F3179C5D6C}"
EndProject
Project("{2150E333-8FDC-42A3-9474-1A3956D46DE8}") = "Standard", "Standard", "{C0ADF39C-DD3F-4EBD-AC9C-7D1E5D5CD0A8}"
EndProject
Global
	GlobalSection(SharedMSBuildProjectFiles) = preSolution
		Serialization\Serialization.projitems*{e3b0367b-3649-4b77-878a-85a8a11c4c09}*SharedItemsImports = 13
	EndGlobalSection
	GlobalSection(SolutionProperties) = preSolution
		HideSolutionNode = FALSE
	EndGlobalSection
	GlobalSection(ExtensibilityGlobals) = postSolution
		SolutionGuid = {A2A19EFC-E356-4E97-8752-D94ABBE584B0}
	EndGlobalSection
EndGlobal
