
Microsoft Visual Studio Solution File, Format Version 12.00
# Visual Studio Version 16
VisualStudioVersion = 16.0.29418.71
MinimumVisualStudioVersion = 10.0.40219.1
Project("{9A19103F-16F7-4668-BE54-9A1E7A4F7556}") = "2017", "2017\2017.csproj", "{BEB4FBE6-54E8-4212-9D94-C4E8F318FD9F}"
EndProject
Project("{9A19103F-16F7-4668-BE54-9A1E7A4F7556}") = "2017.Standard", "2017.Standard\2017.Standard.csproj", "{9F9E37DA-6B75-4F15-A9BC-187129B40AA3}"
EndProject
Global
	GlobalSection(SolutionConfigurationPlatforms) = preSolution
		Debug|Any CPU = Debug|Any CPU
	EndGlobalSection
	GlobalSection(ProjectConfigurationPlatforms) = postSolution
		{BEB4FBE6-54E8-4212-9D94-C4E8F318FD9F}.Debug|Any CPU.ActiveCfg = Debug|Any CPU
		{BEB4FBE6-54E8-4212-9D94-C4E8F318FD9F}.Debug|Any CPU.Build.0 = Debug|Any CPU
		{9F9E37DA-6B75-4F15-A9BC-187129B40AA3}.Debug|Any CPU.ActiveCfg = Debug|Any CPU
		{9F9E37DA-6B75-4F15-A9BC-187129B40AA3}.Debug|Any CPU.Build.0 = Debug|Any CPU
	EndGlobalSection
	GlobalSection(SolutionProperties) = preSolution
		HideSolutionNode = FALSE
	EndGlobalSection
	GlobalSection(ExtensibilityGlobals) = postSolution
		SolutionGuid = {0E96C27E-257B-458B-8BE9-0D4FE9C30431}
	EndGlobalSection
EndGlobal
